# Generated by pub
# See https://dart.dev/tools/pub/glossary#lockfile
packages:
  lints:
    dependency: "direct dev"
    description:
      name: lints
      sha256: a5e2b223cb7c9c8efdc663ef484fdd95bb243bff242ef5b13e26883547fce9a0
      url: "https://pub.dev"
    source: hosted
    version: "6.0.0"
  remote_rift_tools:
    dependency: "direct dev"
    description:
      path: "packages/tools"
      ref: "0.7.0"
      resolved-ref: "826fc5cb89d5891a8aee0fdc7b3b7124213f7a22"
      url: "https://github.com/tomwyr/remote-rift-foundation.git"
    source: git
    version: "0.7.0"
sdks:
  dart: ">=3.10.0 <4.0.0"
